# This file is autogenerated, do not edit; changes may be undone by the next 'dep ensure'.


[[projects]]
  digest = "1:9f3b30d9f8e0d7040f729b82dcbc8f0dead820a133b3147ce355fc451f32d761"
  name = "github.com/BurntSushi/toml"
  packages = ["."]
  pruneopts = "UT"
  revision = "3012a1dbe2e4bd1391d42b32f0577cb7bbc7f005"
  version = "v0.3.1"

[[projects]]
  digest = "1:318f1c959a8a740366fce4b1e1eb2fd914036b4af58fbd0a003349b305f118ad"
  name = "github.com/golang/protobuf"
  packages = ["proto"]
  pruneopts = "UT"
  revision = "b5d812f8a3706043e23a9cd5babf2e5423744d30"
  version = "v1.3.1"

[[projects]]
  digest = "1:ebdeb808fe6861df1eaa262006a879bdbed826dd51c343bd5e681045e194997c"
  name = "github.com/google/logger"
  packages = ["."]
  pruneopts = "UT"
  revision = "7047ffcb7339f3f59be32de74a92217cb17cb40c"
  version = "v1.0.1"

[[projects]]
  digest = "1:bdd53b87de8185da386bae179c84d4848854c6870bacacf6a154fe63e2e750f7"
  name = "github.com/lib/pq"
  packages = [
    ".",
    "oid",
    "scram",
  ]
  pruneopts = "UT"
  revision = "bc6a3c0594130b1e34005880bc600b6d3f49fa7f"
  version = "v1.1.1"

[[projects]]
  digest = "1:50ded2c62902cedf5d5eeb06767fa86f4df1e0cf1ff4e0cebc4fbe45965e3064"
  name = "github.com/recoilme/pudge"
  packages = ["."]
  pruneopts = "UT"
  revision = "e84be80d51cebffeec930b241047ff1468f9ffee"
  version = "v1.0.2"

[[projects]]
  digest = "1:01d5dc3bfb14cf8fb2c924dcf026231218604b8ed15daaa028875d49e7f09071"
  name = "github.com/vmihailenco/msgpack"
  packages = [
    ".",
    "codes",
  ]
  pruneopts = "UT"
  revision = "c2fc210f30a2aca9db880cc017a92c169c999253"
  version = "v4.0.4"

[[projects]]
  branch = "master"
  digest = "1:50804d40964a0c59170e827824e79bbf810cc10ae57603d8facce8a1f48f9a83"
  name = "golang.org/x/crypto"
  packages = [
    "cast5",
    "openpgp",
    "openpgp/armor",
    "openpgp/elgamal",
    "openpgp/errors",
    "openpgp/packet",
    "openpgp/s2k",
  ]
  pruneopts = "UT"
  revision = "cc06ce4a13d484c0101a9e92913248488a75786d"

[[projects]]
  branch = "master"
  digest = "1:76ee51c3f468493aff39dbacc401e8831fbb765104cbf613b89bef01cf4bad70"
  name = "golang.org/x/net"
  packages = ["context"]
  pruneopts = "UT"
  revision = "3b0461eec859c4b73bb64fdc8285971fd33e3938"

[[projects]]
  branch = "master"
  digest = "1:c91c286a0918227f83741cc610cfebf6b9a9a34fe2530971e6fee265d214bb58"
  name = "golang.org/x/sys"
  packages = [
    "windows",
    "windows/registry",
    "windows/svc/eventlog",
  ]
  pruneopts = "UT"
  revision = "04f50cda93cbb67f2afa353c52f342100e80e625"

[[projects]]
  digest = "1:5d92636929931c2313387f6e312e4f0133cc4d30b47648aa145ff71143078ef0"
  name = "google.golang.org/appengine"
  packages = [
    ".",
    "datastore",
    "datastore/internal/cloudkey",
    "datastore/internal/cloudpb",
    "internal",
    "internal/app_identity",
    "internal/base",
    "internal/datastore",
    "internal/log",
    "internal/modules",
    "internal/remote_api",
  ]
  pruneopts = "UT"
  revision = "b2f4a3cf3c67576a2ee09e1fe62656a5086ce880"
  version = "v1.6.1"

[solve-meta]
  analyzer-name = "dep"
  analyzer-version = 1
  input-imports = [
    "github.com/BurntSushi/toml",
    "github.com/google/logger",
    "github.com/lib/pq",
    "github.com/recoilme/pudge",
    "github.com/vmihailenco/msgpack",
    "golang.org/x/crypto/openpgp",
  ]
  solver-name = "gps-cdcl"
  solver-version = 1
